
Microsoft Visual Studio Solution File, Format Version 12.00
# Visual Studio Version 17
VisualStudioVersion = 17.6.33829.357
MinimumVisualStudioVersion = 10.0.40219.1
Project("{FAE04EC0-301F-11D3-BF4B-00C04F79EFBC}") = "04TPThreadPriority", "04TPThreadPriority\04TPThreadPriority.csproj", "{F6494EFC-94DA-4DBF-80A1-C4508D353438}"
EndProject
Global
	GlobalSection(SolutionConfigurationPlatforms) = preSolution
		Debug|Any CPU = Debug|Any CPU
		Release|Any CPU = Release|Any CPU
	EndGlobalSection
	GlobalSection(ProjectConfigurationPlatforms) = postSolution
		{F6494EFC-94DA-4DBF-80A1-C4508D353438}.Debug|Any CPU.ActiveCfg = Debug|Any CPU
		{F6494EFC-94DA-4DBF-80A1-C4508D353438}.Debug|Any CPU.Build.0 = Debug|Any CPU
		{F6494EFC-94DA-4DBF-80A1-C4508D353438}.Release|Any CPU.ActiveCfg = Release|Any CPU
		{F6494EFC-94DA-4DBF-80A1-C4508D353438}.Release|Any CPU.Build.0 = Release|Any CPU
	EndGlobalSection
	GlobalSection(SolutionProperties) = preSolution
		HideSolutionNode = FALSE
	EndGlobalSection
	GlobalSection(ExtensibilityGlobals) = postSolution
		SolutionGuid = {3557847B-4BAE-48B9-8AEF-5CB7C134830D}
	EndGlobalSection
EndGlobal
